// !$*UTF8*$!
{
	archiveVersion = 1;
	classes = {
	};
	objectVersion = 56;
	objects = {

/* Begin PBXBuildFile section */
		7B6C31F02BBBECED00F96260 /* AppDelegate.swift in Sources */ = {isa = PBXBuildFile; fileRef = 7B6C31EF2BBBECED00F96260 /* AppDelegate.swift */; };
		7B6C31F22BBBECED00F96260 /* SceneDelegate.swift in Sources */ = {isa = PBXBuildFile; fileRef = 7B6C31F12BBBECED00F96260 /* SceneDelegate.swift */; };
		7B6C31F72BBBECED00F96260 /* Main.storyboard in Resources */ = {isa = PBXBuildFile; fileRef = 7B6C31F52BBBECED00F96260 /* Main.storyboard */; };
		7B6C31F92BBBECF100F96260 /* Assets.xcassets in Resources */ = {isa = PBXBuildFile; fileRef = 7B6C31F82BBBECF100F96260 /* Assets.xcassets */; };
		7B6C31FC2BBBECF100F96260 /* LaunchScreen.storyboard in Resources */ = {isa = PBXBuildFile; fileRef = 7B6C31FA2BBBECF100F96260 /* LaunchScreen.storyboard */; };
		7B6C32042BBBEDA900F96260 /* MyPlantsController.swift in Sources */ = {isa = PBXBuildFile; fileRef = 7B6C32032BBBEDA900F96260 /* MyPlantsController.swift */; };
		7BD04A882BC00761003AE3DB /* MyPlantCell.xib in Resources */ = {isa = PBXBuildFile; fileRef = 7BD04A6E2BC0075F003AE3DB /* MyPlantCell.xib */; };
		7BD04A892BC00761003AE3DB /* CategoryCell.xib in Resources */ = {isa = PBXBuildFile; fileRef = 7BD04A6F2BC0075F003AE3DB /* CategoryCell.xib */; };
		7BD04A8A2BC00761003AE3DB /* CategorySectionCell.xib in Resources */ = {isa = PBXBuildFile; fileRef = 7BD04A702BC0075F003AE3DB /* CategorySectionCell.xib */; };
		7BD04A8B2BC00761003AE3DB /* DescriptionCell.xib in Resources */ = {isa = PBXBuildFile; fileRef = 7BD04A712BC0075F003AE3DB /* DescriptionCell.xib */; };
		7BD04A8C2BC00761003AE3DB /* DetailCategoryCell.swift in Sources */ = {isa = PBXBuildFile; fileRef = 7BD04A722BC0075F003AE3DB /* DetailCategoryCell.swift */; };
		7BD04A8D2BC00761003AE3DB /* TutorialViewModel.swift in Sources */ = {isa = PBXBuildFile; fileRef = 7BD04A732BC0075F003AE3DB /* TutorialViewModel.swift */; };
		7BD04A8E2BC00761003AE3DB /* DetailViewModel.swift in Sources */ = {isa = PBXBuildFile; fileRef = 7BD04A742BC00760003AE3DB /* DetailViewModel.swift */; };
		7BD04A8F2BC00761003AE3DB /* DetailCell.xib in Resources */ = {isa = PBXBuildFile; fileRef = 7BD04A752BC00760003AE3DB /* DetailCell.xib */; };
		7BD04A902BC00761003AE3DB /* CategorySectionCell.swift in Sources */ = {isa = PBXBuildFile; fileRef = 7BD04A762BC00760003AE3DB /* CategorySectionCell.swift */; };
		7BD04A912BC00761003AE3DB /* DetailCategoryCell.xib in Resources */ = {isa = PBXBuildFile; fileRef = 7BD04A772BC00760003AE3DB /* DetailCategoryCell.xib */; };
		7BD04A922BC00761003AE3DB /* TutorialsCell.swift in Sources */ = {isa = PBXBuildFile; fileRef = 7BD04A782BC00760003AE3DB /* TutorialsCell.swift */; };
		7BD04A932BC00761003AE3DB /* PopularCell.xib in Resources */ = {isa = PBXBuildFile; fileRef = 7BD04A792BC00760003AE3DB /* PopularCell.xib */; };
		7BD04A942BC00761003AE3DB /* PopularCell.swift in Sources */ = {isa = PBXBuildFile; fileRef = 7BD04A7A2BC00760003AE3DB /* PopularCell.swift */; };
		7BD04A952BC00761003AE3DB /* WikipediaCell.swift in Sources */ = {isa = PBXBuildFile; fileRef = 7BD04A7B2BC00760003AE3DB /* WikipediaCell.swift */; };
		7BD04A962BC00761003AE3DB /* WikipediaCell.xib in Resources */ = {isa = PBXBuildFile; fileRef = 7BD04A7C2BC00760003AE3DB /* WikipediaCell.xib */; };
		7BD04A972BC00761003AE3DB /* DescriptionCell.swift in Sources */ = {isa = PBXBuildFile; fileRef = 7BD04A7D2BC00760003AE3DB /* DescriptionCell.swift */; };
		7BD04A982BC00761003AE3DB /* TutorialSectionCell.xib in Resources */ = {isa = PBXBuildFile; fileRef = 7BD04A7E2BC00760003AE3DB /* TutorialSectionCell.xib */; };
		7BD04A992BC00761003AE3DB /* TutorialsCell.xib in Resources */ = {isa = PBXBuildFile; fileRef = 7BD04A7F2BC00760003AE3DB /* TutorialsCell.xib */; };
		7BD04A9A2BC00761003AE3DB /* MyPlantCell.swift in Sources */ = {isa = PBXBuildFile; fileRef = 7BD04A802BC00761003AE3DB /* MyPlantCell.swift */; };
		7BD04A9B2BC00761003AE3DB /* CategoryCell.swift in Sources */ = {isa = PBXBuildFile; fileRef = 7BD04A812BC00761003AE3DB /* CategoryCell.swift */; };
		7BD04A9C2BC00761003AE3DB /* TypeCell.xib in Resources */ = {isa = PBXBuildFile; fileRef = 7BD04A822BC00761003AE3DB /* TypeCell.xib */; };
		7BD04A9D2BC00761003AE3DB /* TypeCell.swift in Sources */ = {isa = PBXBuildFile; fileRef = 7BD04A832BC00761003AE3DB /* TypeCell.swift */; };
		7BD04A9E2BC00761003AE3DB /* MyPlantViewModel.swift in Sources */ = {isa = PBXBuildFile; fileRef = 7BD04A842BC00761003AE3DB /* MyPlantViewModel.swift */; };
		7BD04A9F2BC00761003AE3DB /* TutorialSectionCell.swift in Sources */ = {isa = PBXBuildFile; fileRef = 7BD04A852BC00761003AE3DB /* TutorialSectionCell.swift */; };
		7BD04AA02BC00761003AE3DB /* DetailCell.swift in Sources */ = {isa = PBXBuildFile; fileRef = 7BD04A862BC00761003AE3DB /* DetailCell.swift */; };
		7BD04AA12BC00761003AE3DB /* CategoryViewModel.swift in Sources */ = {isa = PBXBuildFile; fileRef = 7BD04A872BC00761003AE3DB /* CategoryViewModel.swift */; };
		7BD04AA52BC008D9003AE3DB /* PlantModel.swift in Sources */ = {isa = PBXBuildFile; fileRef = 7BD04AA42BC008D9003AE3DB /* PlantModel.swift */; };
		7BD04AB12BC009E6003AE3DB /* CategoryModel.swift in Sources */ = {isa = PBXBuildFile; fileRef = 7BD04AB02BC009E6003AE3DB /* CategoryModel.swift */; };
		7BD04AC52BC00EB7003AE3DB /* CustomView.xib in Resources */ = {isa = PBXBuildFile; fileRef = 7BD04AC42BC00EB7003AE3DB /* CustomView.xib */; };
		7BD04AC92BC00FA7003AE3DB /* ExtensionCustomView.swift in Sources */ = {isa = PBXBuildFile; fileRef = 7BD04AC82BC00FA7003AE3DB /* ExtensionCustomView.swift */; };
		7BD04ACB2BC01C91003AE3DB /* CustomView.swift in Sources */ = {isa = PBXBuildFile; fileRef = 7BD04ACA2BC01C91003AE3DB /* CustomView.swift */; };
		7BE1ED552BBE8EA700B99EB4 /* DescriptionController.swift in Sources */ = {isa = PBXBuildFile; fileRef = 7BE1ED542BBE8EA700B99EB4 /* DescriptionController.swift */; };
		7BE1ED712BBECB7100B99EB4 /* VideoPlayerController.swift in Sources */ = {isa = PBXBuildFile; fileRef = 7BE1ED702BBECB7100B99EB4 /* VideoPlayerController.swift */; };
		7BE1ED752BBECE3F00B99EB4 /* AloeProduct.mov in Resources */ = {isa = PBXBuildFile; fileRef = 7BE1ED742BBECE3F00B99EB4 /* AloeProduct.mov */; };
		7BE1ED772BBEE29000B99EB4 /* AddController.swift in Sources */ = {isa = PBXBuildFile; fileRef = 7BE1ED762BBEE29000B99EB4 /* AddController.swift */; };
/* End PBXBuildFile section */

/* Begin PBXFileReference section */
		7B6C31EC2BBBECED00F96260 /* MyPlants.app */ = {isa = PBXFileReference; explicitFileType = wrapper.application; includeInIndex = 0; path = MyPlants.app; sourceTree = BUILT_PRODUCTS_DIR; };
		7B6C31EF2BBBECED00F96260 /* AppDelegate.swift */ = {isa = PBXFileReference; lastKnownFileType = sourcecode.swift; path = AppDelegate.swift; sourceTree = "<group>"; };
		7B6C31F12BBBECED00F96260 /* SceneDelegate.swift */ = {isa = PBXFileReference; lastKnownFileType = sourcecode.swift; path = SceneDelegate.swift; sourceTree = "<group>"; };
		7B6C31F62BBBECED00F96260 /* Base */ = {isa = PBXFileReference; lastKnownFileType = file.storyboard; name = Base; path = Base.lproj/Main.storyboard; sourceTree = "<group>"; };
		7B6C31F82BBBECF100F96260 /* Assets.xcassets */ = {isa = PBXFileReference; lastKnownFileType = folder.assetcatalog; path = Assets.xcassets; sourceTree = "<group>"; };
		7B6C31FB2BBBECF100F96260 /* Base */ = {isa = PBXFileReference; lastKnownFileType = file.storyboard; name = Base; path = Base.lproj/LaunchScreen.storyboard; sourceTree = "<group>"; };
		7B6C31FD2BBBECF100F96260 /* Info.plist */ = {isa = PBXFileReference; lastKnownFileType = text.plist.xml; path = Info.plist; sourceTree = "<group>"; };
		7B6C32032BBBEDA900F96260 /* MyPlantsController.swift */ = {isa = PBXFileReference; lastKnownFileType = sourcecode.swift; path = MyPlantsController.swift; sourceTree = "<group>"; };
		7BD04A6E2BC0075F003AE3DB /* MyPlantCell.xib */ = {isa = PBXFileReference; fileEncoding = 4; lastKnownFileType = file.xib; path = MyPlantCell.xib; sourceTree = "<group>"; };
		7BD04A6F2BC0075F003AE3DB /* CategoryCell.xib */ = {isa = PBXFileReference; fileEncoding = 4; lastKnownFileType = file.xib; path = CategoryCell.xib; sourceTree = "<group>"; };
		7BD04A702BC0075F003AE3DB /* CategorySectionCell.xib */ = {isa = PBXFileReference; fileEncoding = 4; lastKnownFileType = file.xib; path = CategorySectionCell.xib; sourceTree = "<group>"; };
		7BD04A712BC0075F003AE3DB /* DescriptionCell.xib */ = {isa = PBXFileReference; fileEncoding = 4; lastKnownFileType = file.xib; path = DescriptionCell.xib; sourceTree = "<group>"; };
		7BD04A722BC0075F003AE3DB /* DetailCategoryCell.swift */ = {isa = PBXFileReference; fileEncoding = 4; lastKnownFileType = sourcecode.swift; path = DetailCategoryCell.swift; sourceTree = "<group>"; };
		7BD04A732BC0075F003AE3DB /* TutorialViewModel.swift */ = {isa = PBXFileReference; fileEncoding = 4; lastKnownFileType = sourcecode.swift; path = TutorialViewModel.swift; sourceTree = "<group>"; };
		7BD04A742BC00760003AE3DB /* DetailViewModel.swift */ = {isa = PBXFileReference; fileEncoding = 4; lastKnownFileType = sourcecode.swift; path = DetailViewModel.swift; sourceTree = "<group>"; };
		7BD04A752BC00760003AE3DB /* DetailCell.xib */ = {isa = PBXFileReference; fileEncoding = 4; lastKnownFileType = file.xib; path = DetailCell.xib; sourceTree = "<group>"; };
		7BD04A762BC00760003AE3DB /* CategorySectionCell.swift */ = {isa = PBXFileReference; fileEncoding = 4; lastKnownFileType = sourcecode.swift; path = CategorySectionCell.swift; sourceTree = "<group>"; };
		7BD04A772BC00760003AE3DB /* DetailCategoryCell.xib */ = {isa = PBXFileReference; fileEncoding = 4; lastKnownFileType = file.xib; path = DetailCategoryCell.xib; sourceTree = "<group>"; };
		7BD04A782BC00760003AE3DB /* TutorialsCell.swift */ = {isa = PBXFileReference; fileEncoding = 4; lastKnownFileType = sourcecode.swift; path = TutorialsCell.swift; sourceTree = "<group>"; };
		7BD04A792BC00760003AE3DB /* PopularCell.xib */ = {isa = PBXFileReference; fileEncoding = 4; lastKnownFileType = file.xib; path = PopularCell.xib; sourceTree = "<group>"; };
		7BD04A7A2BC00760003AE3DB /* PopularCell.swift */ = {isa = PBXFileReference; fileEncoding = 4; lastKnownFileType = sourcecode.swift; path = PopularCell.swift; sourceTree = "<group>"; };
		7BD04A7B2BC00760003AE3DB /* WikipediaCell.swift */ = {isa = PBXFileReference; fileEncoding = 4; lastKnownFileType = sourcecode.swift; path = WikipediaCell.swift; sourceTree = "<group>"; };
		7BD04A7C2BC00760003AE3DB /* WikipediaCell.xib */ = {isa = PBXFileReference; fileEncoding = 4; lastKnownFileType = file.xib; path = WikipediaCell.xib; sourceTree = "<group>"; };
		7BD04A7D2BC00760003AE3DB /* DescriptionCell.swift */ = {isa = PBXFileReference; fileEncoding = 4; lastKnownFileType = sourcecode.swift; path = DescriptionCell.swift; sourceTree = "<group>"; };
		7BD04A7E2BC00760003AE3DB /* TutorialSectionCell.xib */ = {isa = PBXFileReference; fileEncoding = 4; lastKnownFileType = file.xib; path = TutorialSectionCell.xib; sourceTree = "<group>"; };
		7BD04A7F2BC00760003AE3DB /* TutorialsCell.xib */ = {isa = PBXFileReference; fileEncoding = 4; lastKnownFileType = file.xib; path = TutorialsCell.xib; sourceTree = "<group>"; };
		7BD04A802BC00761003AE3DB /* MyPlantCell.swift */ = {isa = PBXFileReference; fileEncoding = 4; lastKnownFileType = sourcecode.swift; path = MyPlantCell.swift; sourceTree = "<group>"; };
		7BD04A812BC00761003AE3DB /* CategoryCell.swift */ = {isa = PBXFileReference; fileEncoding = 4; lastKnownFileType = sourcecode.swift; path = CategoryCell.swift; sourceTree = "<group>"; };
		7BD04A822BC00761003AE3DB /* TypeCell.xib */ = {isa = PBXFileReference; fileEncoding = 4; lastKnownFileType = file.xib; path = TypeCell.xib; sourceTree = "<group>"; };
		7BD04A832BC00761003AE3DB /* TypeCell.swift */ = {isa = PBXFileReference; fileEncoding = 4; lastKnownFileType = sourcecode.swift; path = TypeCell.swift; sourceTree = "<group>"; };
		7BD04A842BC00761003AE3DB /* MyPlantViewModel.swift */ = {isa = PBXFileReference; fileEncoding = 4; lastKnownFileType = sourcecode.swift; path = MyPlantViewModel.swift; sourceTree = "<group>"; };
		7BD04A852BC00761003AE3DB /* TutorialSectionCell.swift */ = {isa = PBXFileReference; fileEncoding = 4; lastKnownFileType = sourcecode.swift; path = TutorialSectionCell.swift; sourceTree = "<group>"; };
		7BD04A862BC00761003AE3DB /* DetailCell.swift */ = {isa = PBXFileReference; fileEncoding = 4; lastKnownFileType = sourcecode.swift; path = DetailCell.swift; sourceTree = "<group>"; };
		7BD04A872BC00761003AE3DB /* CategoryViewModel.swift */ = {isa = PBXFileReference; fileEncoding = 4; lastKnownFileType = sourcecode.swift; path = CategoryViewModel.swift; sourceTree = "<group>"; };
		7BD04AA42BC008D9003AE3DB /* PlantModel.swift */ = {isa = PBXFileReference; lastKnownFileType = sourcecode.swift; path = PlantModel.swift; sourceTree = "<group>"; };
		7BD04AB02BC009E6003AE3DB /* CategoryModel.swift */ = {isa = PBXFileReference; lastKnownFileType = sourcecode.swift; path = CategoryModel.swift; sourceTree = "<group>"; };
		7BD04AC42BC00EB7003AE3DB /* CustomView.xib */ = {isa = PBXFileReference; lastKnownFileType = file.xib; path = CustomView.xib; sourceTree = "<group>"; };
		7BD04AC82BC00FA7003AE3DB /* ExtensionCustomView.swift */ = {isa = PBXFileReference; lastKnownFileType = sourcecode.swift; path = ExtensionCustomView.swift; sourceTree = "<group>"; };
		7BD04ACA2BC01C91003AE3DB /* CustomView.swift */ = {isa = PBXFileReference; lastKnownFileType = sourcecode.swift; path = CustomView.swift; sourceTree = "<group>"; };
		7BE1ED542BBE8EA700B99EB4 /* DescriptionController.swift */ = {isa = PBXFileReference; lastKnownFileType = sourcecode.swift; path = DescriptionController.swift; sourceTree = "<group>"; };
		7BE1ED702BBECB7100B99EB4 /* VideoPlayerController.swift */ = {isa = PBXFileReference; lastKnownFileType = sourcecode.swift; path = VideoPlayerController.swift; sourceTree = "<group>"; };
		7BE1ED742BBECE3F00B99EB4 /* AloeProduct.mov */ = {isa = PBXFileReference; lastKnownFileType = video.quicktime; path = AloeProduct.mov; sourceTree = "<group>"; };
		7BE1ED762BBEE29000B99EB4 /* AddController.swift */ = {isa = PBXFileReference; lastKnownFileType = sourcecode.swift; path = AddController.swift; sourceTree = "<group>"; };
/* End PBXFileReference section */

/* Begin PBXFrameworksBuildPhase section */
		7B6C31E92BBBECED00F96260 /* Frameworks */ = {
			isa = PBXFrameworksBuildPhase;
			buildActionMask = 2147483647;
			files = (
			);
			runOnlyForDeploymentPostprocessing = 0;
		};
/* End PBXFrameworksBuildPhase section */

/* Begin PBXGroup section */
		7B6C31E32BBBECED00F96260 = {
			isa = PBXGroup;
			children = (
				7B6C31EE2BBBECED00F96260 /* MyPlants */,
				7B6C31ED2BBBECED00F96260 /* Products */,
			);
			sourceTree = "<group>";
		};
		7B6C31ED2BBBECED00F96260 /* Products */ = {
			isa = PBXGroup;
			children = (
				7B6C31EC2BBBECED00F96260 /* MyPlants.app */,
			);
			name = Products;
			sourceTree = "<group>";
		};
		7B6C31EE2BBBECED00F96260 /* MyPlants */ = {
			isa = PBXGroup;
			children = (
				7B6C31EF2BBBECED00F96260 /* AppDelegate.swift */,
				7B6C31F12BBBECED00F96260 /* SceneDelegate.swift */,
				7B6C320A2BBBEE8E00F96260 /* Controller */,
				7B6C31F52BBBECED00F96260 /* Main.storyboard */,
				7B6C31F82BBBECF100F96260 /* Assets.xcassets */,
				7B6C31FA2BBBECF100F96260 /* LaunchScreen.storyboard */,
				7B6C31FD2BBBECF100F96260 /* Info.plist */,
			);
			path = MyPlants;
			sourceTree = "<group>";
		};
		7B6C320A2BBBEE8E00F96260 /* Controller */ = {
			isa = PBXGroup;
			children = (
				7BD04AC22BC00C15003AE3DB /* ImagePicker */,
				7BD04AC12BC00C08003AE3DB /* VideoPlayer */,
				7BD04AAA2BC0097A003AE3DB /* Description */,
				7B8AF78C2BC0050B00F0B642 /* MyPlant */,
				7BE1ED742BBECE3F00B99EB4 /* AloeProduct.mov */,
			);
			path = Controller;
			sourceTree = "<group>";
		};
		7B8AF78C2BC0050B00F0B642 /* MyPlant */ = {
			isa = PBXGroup;
			children = (
				7B8AF7902BC0052700F0B642 /* ViewModel */,
				7B8AF78F2BC0052200F0B642 /* Model */,
				7B8AF78D2BC0051300F0B642 /* View */,
			);
			path = MyPlant;
			sourceTree = "<group>";
		};
		7B8AF78D2BC0051300F0B642 /* View */ = {
			isa = PBXGroup;
			children = (
				7BD04AA32BC008A9003AE3DB /* Controller */,
				7BD04AA22BC00894003AE3DB /* Cell */,
			);
			path = View;
			sourceTree = "<group>";
		};
		7B8AF78F2BC0052200F0B642 /* Model */ = {
			isa = PBXGroup;
			children = (
				7BD04AA42BC008D9003AE3DB /* PlantModel.swift */,
			);
			path = Model;
			sourceTree = "<group>";
		};
		7B8AF7902BC0052700F0B642 /* ViewModel */ = {
			isa = PBXGroup;
			children = (
				7BD04A842BC00761003AE3DB /* MyPlantViewModel.swift */,
			);
			path = ViewModel;
			sourceTree = "<group>";
		};
		7BD04AA22BC00894003AE3DB /* Cell */ = {
			isa = PBXGroup;
			children = (
				7BD04AA92BC00953003AE3DB /* Tutorial */,
				7BD04AA82BC00931003AE3DB /* Category */,
				7BD04AA72BC00917003AE3DB /* Popular */,
				7BD04AA62BC008FC003AE3DB /* Main */,
			);
			path = Cell;
			sourceTree = "<group>";
		};
		7BD04AA32BC008A9003AE3DB /* Controller */ = {
			isa = PBXGroup;
			children = (
				7B6C32032BBBEDA900F96260 /* MyPlantsController.swift */,
			);
			path = Controller;
			sourceTree = "<group>";
		};
		7BD04AA62BC008FC003AE3DB /* Main */ = {
			isa = PBXGroup;
			children = (
				7BD04A802BC00761003AE3DB /* MyPlantCell.swift */,
				7BD04A6E2BC0075F003AE3DB /* MyPlantCell.xib */,
			);
			path = Main;
			sourceTree = "<group>";
		};
		7BD04AA72BC00917003AE3DB /* Popular */ = {
			isa = PBXGroup;
			children = (
				7BD04A7A2BC00760003AE3DB /* PopularCell.swift */,
				7BD04A792BC00760003AE3DB /* PopularCell.xib */,
			);
			path = Popular;
			sourceTree = "<group>";
		};
		7BD04AA82BC00931003AE3DB /* Category */ = {
			isa = PBXGroup;
			children = (
				7BD04AB22BC009F3003AE3DB /* View */,
				7BD04AAF2BC009D6003AE3DB /* Model */,
				7BD04AAE2BC009BF003AE3DB /* ViewModel */,
			);
			path = Category;
			sourceTree = "<group>";
		};
		7BD04AA92BC00953003AE3DB /* Tutorial */ = {
			isa = PBXGroup;
			children = (
				7BD04AB42BC00A24003AE3DB /* View */,
				7BD04AB32BC00A19003AE3DB /* ViewModel */,
			);
			path = Tutorial;
			sourceTree = "<group>";
		};
		7BD04AAA2BC0097A003AE3DB /* Description */ = {
			isa = PBXGroup;
			children = (
				7BD04AAD2BC0098F003AE3DB /* ViewModel */,
				7BD04AAC2BC0098B003AE3DB /* View */,
				7BD04AAB2BC00985003AE3DB /* Model */,
			);
			path = Description;
			sourceTree = "<group>";
		};
		7BD04AAB2BC00985003AE3DB /* Model */ = {
			isa = PBXGroup;
			children = (
			);
			path = Model;
			sourceTree = "<group>";
		};
		7BD04AAC2BC0098B003AE3DB /* View */ = {
			isa = PBXGroup;
			children = (
				7BD04AB52BC00A64003AE3DB /* Cell */,
			);
			path = View;
			sourceTree = "<group>";
		};
		7BD04AAD2BC0098F003AE3DB /* ViewModel */ = {
			isa = PBXGroup;
			children = (
			);
			path = ViewModel;
			sourceTree = "<group>";
		};
		7BD04AAE2BC009BF003AE3DB /* ViewModel */ = {
			isa = PBXGroup;
			children = (
				7BD04A872BC00761003AE3DB /* CategoryViewModel.swift */,
			);
			path = ViewModel;
			sourceTree = "<group>";
		};
		7BD04AAF2BC009D6003AE3DB /* Model */ = {
			isa = PBXGroup;
			children = (
				7BD04AB02BC009E6003AE3DB /* CategoryModel.swift */,
			);
			path = Model;
			sourceTree = "<group>";
		};
		7BD04AB22BC009F3003AE3DB /* View */ = {
			isa = PBXGroup;
			children = (
				7BD04A812BC00761003AE3DB /* CategoryCell.swift */,
				7BD04A762BC00760003AE3DB /* CategorySectionCell.swift */,
				7BD04A6F2BC0075F003AE3DB /* CategoryCell.xib */,
				7BD04A702BC0075F003AE3DB /* CategorySectionCell.xib */,
			);
			path = View;
			sourceTree = "<group>";
		};
		7BD04AB32BC00A19003AE3DB /* ViewModel */ = {
			isa = PBXGroup;
			children = (
				7BD04A732BC0075F003AE3DB /* TutorialViewModel.swift */,
			);
			path = ViewModel;
			sourceTree = "<group>";
		};
		7BD04AB42BC00A24003AE3DB /* View */ = {
			isa = PBXGroup;
			children = (
				7BD04A782BC00760003AE3DB /* TutorialsCell.swift */,
				7BD04A7F2BC00760003AE3DB /* TutorialsCell.xib */,
				7BD04A852BC00761003AE3DB /* TutorialSectionCell.swift */,
				7BD04A7E2BC00760003AE3DB /* TutorialSectionCell.xib */,
			);
			path = View;
			sourceTree = "<group>";
		};
		7BD04AB52BC00A64003AE3DB /* Cell */ = {
			isa = PBXGroup;
			children = (
				7BD04AB82BC00A7C003AE3DB /* Wikipedia */,
				7BD04AB72BC00A75003AE3DB /* Detail */,
				7BD04AB62BC00A6A003AE3DB /* Description */,
			);
			path = Cell;
			sourceTree = "<group>";
		};
		7BD04AB62BC00A6A003AE3DB /* Description */ = {
			isa = PBXGroup;
			children = (
				7BD04ABB2BC00B57003AE3DB /* View */,
			);
			path = Description;
			sourceTree = "<group>";
		};
		7BD04AB72BC00A75003AE3DB /* Detail */ = {
			isa = PBXGroup;
			children = (
				7BD04ABA2BC00B18003AE3DB /* Model */,
				7BD04AB92BC00B0C003AE3DB /* View */,
			);
			path = Detail;
			sourceTree = "<group>";
		};
		7BD04AB82BC00A7C003AE3DB /* Wikipedia */ = {
			isa = PBXGroup;
			children = (
				7BD04ABF2BC00B99003AE3DB /* Cell */,
			);
			path = Wikipedia;
			sourceTree = "<group>";
		};
		7BD04AB92BC00B0C003AE3DB /* View */ = {
			isa = PBXGroup;
			children = (
				7BD04ABE2BC00B83003AE3DB /* Cell */,
			);
			path = View;
			sourceTree = "<group>";
		};
		7BD04ABA2BC00B18003AE3DB /* Model */ = {
			isa = PBXGroup;
			children = (
				7BD04A742BC00760003AE3DB /* DetailViewModel.swift */,
			);
			path = Model;
			sourceTree = "<group>";
		};
		7BD04ABB2BC00B57003AE3DB /* View */ = {
			isa = PBXGroup;
			children = (
				7BD04ABD2BC00B67003AE3DB /* Controller */,
				7BD04ABC2BC00B5F003AE3DB /* Cell */,
			);
			path = View;
			sourceTree = "<group>";
		};
		7BD04ABC2BC00B5F003AE3DB /* Cell */ = {
			isa = PBXGroup;
			children = (
				7BD04A712BC0075F003AE3DB /* DescriptionCell.xib */,
				7BD04A7D2BC00760003AE3DB /* DescriptionCell.swift */,
				7BD04A832BC00761003AE3DB /* TypeCell.swift */,
				7BD04A822BC00761003AE3DB /* TypeCell.xib */,
			);
			path = Cell;
			sourceTree = "<group>";
		};
		7BD04ABD2BC00B67003AE3DB /* Controller */ = {
			isa = PBXGroup;
			children = (
				7BE1ED542BBE8EA700B99EB4 /* DescriptionController.swift */,
			);
			path = Controller;
			sourceTree = "<group>";
		};
		7BD04ABE2BC00B83003AE3DB /* Cell */ = {
			isa = PBXGroup;
			children = (
				7BD04A722BC0075F003AE3DB /* DetailCategoryCell.swift */,
				7BD04A772BC00760003AE3DB /* DetailCategoryCell.xib */,
				7BD04A862BC00761003AE3DB /* DetailCell.swift */,
				7BD04A752BC00760003AE3DB /* DetailCell.xib */,
			);
			path = Cell;
			sourceTree = "<group>";
		};
		7BD04ABF2BC00B99003AE3DB /* Cell */ = {
			isa = PBXGroup;
			children = (
				7BD04A7B2BC00760003AE3DB /* WikipediaCell.swift */,
				7BD04A7C2BC00760003AE3DB /* WikipediaCell.xib */,
			);
			path = Cell;
			sourceTree = "<group>";
		};
		7BD04AC12BC00C08003AE3DB /* VideoPlayer */ = {
			isa = PBXGroup;
			children = (
				7BD04AC32BC00E3A003AE3DB /* CustomView */,
				7BE1ED702BBECB7100B99EB4 /* VideoPlayerController.swift */,
			);
			path = VideoPlayer;
			sourceTree = "<group>";
		};
		7BD04AC22BC00C15003AE3DB /* ImagePicker */ = {
			isa = PBXGroup;
			children = (
				7BE1ED762BBEE29000B99EB4 /* AddController.swift */,
			);
			path = ImagePicker;
			sourceTree = "<group>";
		};
		7BD04AC32BC00E3A003AE3DB /* CustomView */ = {
			isa = PBXGroup;
			children = (
				7BD04AC42BC00EB7003AE3DB /* CustomView.xib */,
				7BD04ACA2BC01C91003AE3DB /* CustomView.swift */,
				7BD04AC82BC00FA7003AE3DB /* ExtensionCustomView.swift */,
			);
			path = CustomView;
			sourceTree = "<group>";
		};
/* End PBXGroup section */

/* Begin PBXNativeTarget section */
		7B6C31EB2BBBECED00F96260 /* MyPlants */ = {
			isa = PBXNativeTarget;
			buildConfigurationList = 7B6C32002BBBECF100F96260 /* Build configuration list for PBXNativeTarget "MyPlants" */;
			buildPhases = (
				7B6C31E82BBBECED00F96260 /* Sources */,
				7B6C31E92BBBECED00F96260 /* Frameworks */,
				7B6C31EA2BBBECED00F96260 /* Resources */,
			);
			buildRules = (
			);
			dependencies = (
			);
			name = MyPlants;
			productName = MyPlants;
			productReference = 7B6C31EC2BBBECED00F96260 /* MyPlants.app */;
			productType = "com.apple.product-type.application";
		};
/* End PBXNativeTarget section */

/* Begin PBXProject section */
		7B6C31E42BBBECED00F96260 /* Project object */ = {
			isa = PBXProject;
			attributes = {
				BuildIndependentTargetsInParallel = 1;
				LastSwiftUpdateCheck = 1520;
				LastUpgradeCheck = 1520;
				TargetAttributes = {
					7B6C31EB2BBBECED00F96260 = {
						CreatedOnToolsVersion = 15.2;
					};
				};
			};
			buildConfigurationList = 7B6C31E72BBBECED00F96260 /* Build configuration list for PBXProject "MyPlants" */;
			compatibilityVersion = "Xcode 14.0";
			developmentRegion = en;
			hasScannedForEncodings = 0;
			knownRegions = (
				en,
				Base,
			);
			mainGroup = 7B6C31E32BBBECED00F96260;
			productRefGroup = 7B6C31ED2BBBECED00F96260 /* Products */;
			projectDirPath = "";
			projectRoot = "";
			targets = (
				7B6C31EB2BBBECED00F96260 /* MyPlants */,
			);
		};
/* End PBXProject section */

/* Begin PBXResourcesBuildPhase section */
		7B6C31EA2BBBECED00F96260 /* Resources */ = {
			isa = PBXResourcesBuildPhase;
			buildActionMask = 2147483647;
			files = (
				7B6C31FC2BBBECF100F96260 /* LaunchScreen.storyboard in Resources */,
				7BD04A8B2BC00761003AE3DB /* DescriptionCell.xib in Resources */,
				7BD04A932BC00761003AE3DB /* PopularCell.xib in Resources */,
				7BD04A992BC00761003AE3DB /* TutorialsCell.xib in Resources */,
				7BD04A892BC00761003AE3DB /* CategoryCell.xib in Resources */,
				7BD04AC52BC00EB7003AE3DB /* CustomView.xib in Resources */,
				7BD04A882BC00761003AE3DB /* MyPlantCell.xib in Resources */,
				7BE1ED752BBECE3F00B99EB4 /* AloeProduct.mov in Resources */,
				7BD04A9C2BC00761003AE3DB /* TypeCell.xib in Resources */,
				7BD04A962BC00761003AE3DB /* WikipediaCell.xib in Resources */,
				7BD04A8F2BC00761003AE3DB /* DetailCell.xib in Resources */,
				7BD04A982BC00761003AE3DB /* TutorialSectionCell.xib in Resources */,
				7BD04A912BC00761003AE3DB /* DetailCategoryCell.xib in Resources */,
				7B6C31F92BBBECF100F96260 /* Assets.xcassets in Resources */,
				7B6C31F72BBBECED00F96260 /* Main.storyboard in Resources */,
				7BD04A8A2BC00761003AE3DB /* CategorySectionCell.xib in Resources */,
			);
			runOnlyForDeploymentPostprocessing = 0;
		};
/* End PBXResourcesBuildPhase section */

/* Begin PBXSourcesBuildPhase section */
		7B6C31E82BBBECED00F96260 /* Sources */ = {
			isa = PBXSourcesBuildPhase;
			buildActionMask = 2147483647;
			files = (
				7BD04A9A2BC00761003AE3DB /* MyPlantCell.swift in Sources */,
				7BD04A9B2BC00761003AE3DB /* CategoryCell.swift in Sources */,
				7BD04AA02BC00761003AE3DB /* DetailCell.swift in Sources */,
				7B6C31F02BBBECED00F96260 /* AppDelegate.swift in Sources */,
				7BD04A902BC00761003AE3DB /* CategorySectionCell.swift in Sources */,
				7BD04AA52BC008D9003AE3DB /* PlantModel.swift in Sources */,
				7BD04AB12BC009E6003AE3DB /* CategoryModel.swift in Sources */,
				7BD04A942BC00761003AE3DB /* PopularCell.swift in Sources */,
				7BD04AC92BC00FA7003AE3DB /* ExtensionCustomView.swift in Sources */,
				7BD04A8D2BC00761003AE3DB /* TutorialViewModel.swift in Sources */,
				7B6C32042BBBEDA900F96260 /* MyPlantsController.swift in Sources */,
				7BD04A9D2BC00761003AE3DB /* TypeCell.swift in Sources */,
				7BD04A8E2BC00761003AE3DB /* DetailViewModel.swift in Sources */,
				7BD04AA12BC00761003AE3DB /* CategoryViewModel.swift in Sources */,
				7BE1ED552BBE8EA700B99EB4 /* DescriptionController.swift in Sources */,
				7BD04A9F2BC00761003AE3DB /* TutorialSectionCell.swift in Sources */,
				7BD04A922BC00761003AE3DB /* TutorialsCell.swift in Sources */,
				7BD04A8C2BC00761003AE3DB /* DetailCategoryCell.swift in Sources */,
				7BE1ED772BBEE29000B99EB4 /* AddController.swift in Sources */,
				7BE1ED712BBECB7100B99EB4 /* VideoPlayerController.swift in Sources */,
				7BD04ACB2BC01C91003AE3DB /* CustomView.swift in Sources */,
				7B6C31F22BBBECED00F96260 /* SceneDelegate.swift in Sources */,
				7BD04A9E2BC00761003AE3DB /* MyPlantViewModel.swift in Sources */,
				7BD04A972BC00761003AE3DB /* DescriptionCell.swift in Sources */,
				7BD04A952BC00761003AE3DB /* WikipediaCell.swift in Sources */,
			);
			runOnlyForDeploymentPostprocessing = 0;
		};
/* End PBXSourcesBuildPhase section */

/* Begin PBXVariantGroup section */
		7B6C31F52BBBECED00F96260 /* Main.storyboard */ = {
			isa = PBXVariantGroup;
			children = (
				7B6C31F62BBBECED00F96260 /* Base */,
			);
			name = Main.storyboard;
			sourceTree = "<group>";
		};
		7B6C31FA2BBBECF100F96260 /* LaunchScreen.storyboard */ = {
			isa = PBXVariantGroup;
			children = (
				7B6C31FB2BBBECF100F96260 /* Base */,
			);
			name = LaunchScreen.storyboard;
			sourceTree = "<group>";
		};
/* End PBXVariantGroup section */

/* Begin XCBuildConfiguration section */
		7B6C31FE2BBBECF100F96260 /* Debug */ = {
			isa = XCBuildConfiguration;
			buildSettings = {
				ALWAYS_SEARCH_USER_PATHS = NO;
				ASSETCATALOG_COMPILER_GENERATE_SWIFT_ASSET_SYMBOL_EXTENSIONS = YES;
				CLANG_ANALYZER_NONNULL = YES;
				CLANG_ANALYZER_NUMBER_OBJECT_CONVERSION = YES_AGGRESSIVE;
				CLANG_CXX_LANGUAGE_STANDARD = "gnu++20";
				CLANG_ENABLE_MODULES = YES;
				CLANG_ENABLE_OBJC_ARC = YES;
				CLANG_ENABLE_OBJC_WEAK = YES;
				CLANG_WARN_BLOCK_CAPTURE_AUTORELEASING = YES;
				CLANG_WARN_BOOL_CONVERSION = YES;
				CLANG_WARN_COMMA = YES;
				CLANG_WARN_CONSTANT_CONVERSION = YES;
				CLANG_WARN_DEPRECATED_OBJC_IMPLEMENTATIONS = YES;
				CLANG_WARN_DIRECT_OBJC_ISA_USAGE = YES_ERROR;
				CLANG_WARN_DOCUMENTATION_COMMENTS = YES;
				CLANG_WARN_EMPTY_BODY = YES;
				CLANG_WARN_ENUM_CONVERSION = YES;
				CLANG_WARN_INFINITE_RECURSION = YES;
				CLANG_WARN_INT_CONVERSION = YES;
				CLANG_WARN_NON_LITERAL_NULL_CONVERSION = YES;
				CLANG_WARN_OBJC_IMPLICIT_RETAIN_SELF = YES;
				CLANG_WARN_OBJC_LITERAL_CONVERSION = YES;
				CLANG_WARN_OBJC_ROOT_CLASS = YES_ERROR;
				CLANG_WARN_QUOTED_INCLUDE_IN_FRAMEWORK_HEADER = YES;
				CLANG_WARN_RANGE_LOOP_ANALYSIS = YES;
				CLANG_WARN_STRICT_PROTOTYPES = YES;
				CLANG_WARN_SUSPICIOUS_MOVE = YES;
				CLANG_WARN_UNGUARDED_AVAILABILITY = YES_AGGRESSIVE;
				CLANG_WARN_UNREACHABLE_CODE = YES;
				CLANG_WARN__DUPLICATE_METHOD_MATCH = YES;
				COPY_PHASE_STRIP = NO;
				DEBUG_INFORMATION_FORMAT = dwarf;
				ENABLE_STRICT_OBJC_MSGSEND = YES;
				ENABLE_TESTABILITY = YES;
				ENABLE_USER_SCRIPT_SANDBOXING = YES;
				GCC_C_LANGUAGE_STANDARD = gnu17;
				GCC_DYNAMIC_NO_PIC = NO;
				GCC_NO_COMMON_BLOCKS = YES;
				GCC_OPTIMIZATION_LEVEL = 0;
				GCC_PREPROCESSOR_DEFINITIONS = (
					"DEBUG=1",
					"$(inherited)",
				);
				GCC_WARN_64_TO_32_BIT_CONVERSION = YES;
				GCC_WARN_ABOUT_RETURN_TYPE = YES_ERROR;
				GCC_WARN_UNDECLARED_SELECTOR = YES;
				GCC_WARN_UNINITIALIZED_AUTOS = YES_AGGRESSIVE;
				GCC_WARN_UNUSED_FUNCTION = YES;
				GCC_WARN_UNUSED_VARIABLE = YES;
				IPHONEOS_DEPLOYMENT_TARGET = 17.2;
				LOCALIZATION_PREFERS_STRING_CATALOGS = YES;
				MTL_ENABLE_DEBUG_INFO = INCLUDE_SOURCE;
				MTL_FAST_MATH = YES;
				ONLY_ACTIVE_ARCH = YES;
				SDKROOT = iphoneos;
				SWIFT_ACTIVE_COMPILATION_CONDITIONS = "DEBUG $(inherited)";
				SWIFT_OPTIMIZATION_LEVEL = "-Onone";
			};
			name = Debug;
		};
		7B6C31FF2BBBECF100F96260 /* Release */ = {
			isa = XCBuildConfiguration;
			buildSettings = {
				ALWAYS_SEARCH_USER_PATHS = NO;
				ASSETCATALOG_COMPILER_GENERATE_SWIFT_ASSET_SYMBOL_EXTENSIONS = YES;
				CLANG_ANALYZER_NONNULL = YES;
				CLANG_ANALYZER_NUMBER_OBJECT_CONVERSION = YES_AGGRESSIVE;
				CLANG_CXX_LANGUAGE_STANDARD = "gnu++20";
				CLANG_ENABLE_MODULES = YES;
				CLANG_ENABLE_OBJC_ARC = YES;
				CLANG_ENABLE_OBJC_WEAK = YES;
				CLANG_WARN_BLOCK_CAPTURE_AUTORELEASING = YES;
				CLANG_WARN_BOOL_CONVERSION = YES;
				CLANG_WARN_COMMA = YES;
				CLANG_WARN_CONSTANT_CONVERSION = YES;
				CLANG_WARN_DEPRECATED_OBJC_IMPLEMENTATIONS = YES;
				CLANG_WARN_DIRECT_OBJC_ISA_USAGE = YES_ERROR;
				CLANG_WARN_DOCUMENTATION_COMMENTS = YES;
				CLANG_WARN_EMPTY_BODY = YES;
				CLANG_WARN_ENUM_CONVERSION = YES;
				CLANG_WARN_INFINITE_RECURSION = YES;
				CLANG_WARN_INT_CONVERSION = YES;
				CLANG_WARN_NON_LITERAL_NULL_CONVERSION = YES;
				CLANG_WARN_OBJC_IMPLICIT_RETAIN_SELF = YES;
				CLANG_WARN_OBJC_LITERAL_CONVERSION = YES;
				CLANG_WARN_OBJC_ROOT_CLASS = YES_ERROR;
				CLANG_WARN_QUOTED_INCLUDE_IN_FRAMEWORK_HEADER = YES;
				CLANG_WARN_RANGE_LOOP_ANALYSIS = YES;
				CLANG_WARN_STRICT_PROTOTYPES = YES;
				CLANG_WARN_SUSPICIOUS_MOVE = YES;
				CLANG_WARN_UNGUARDED_AVAILABILITY = YES_AGGRESSIVE;
				CLANG_WARN_UNREACHABLE_CODE = YES;
				CLANG_WARN__DUPLICATE_METHOD_MATCH = YES;
				COPY_PHASE_STRIP = NO;
				DEBUG_INFORMATION_FORMAT = "dwarf-with-dsym";
				ENABLE_NS_ASSERTIONS = NO;
				ENABLE_STRICT_OBJC_MSGSEND = YES;
				ENABLE_USER_SCRIPT_SANDBOXING = YES;
				GCC_C_LANGUAGE_STANDARD = gnu17;
				GCC_NO_COMMON_BLOCKS = YES;
				GCC_WARN_64_TO_32_BIT_CONVERSION = YES;
				GCC_WARN_ABOUT_RETURN_TYPE = YES_ERROR;
				GCC_WARN_UNDECLARED_SELECTOR = YES;
				GCC_WARN_UNINITIALIZED_AUTOS = YES_AGGRESSIVE;
				GCC_WARN_UNUSED_FUNCTION = YES;
				GCC_WARN_UNUSED_VARIABLE = YES;
				IPHONEOS_DEPLOYMENT_TARGET = 17.2;
				LOCALIZATION_PREFERS_STRING_CATALOGS = YES;
				MTL_ENABLE_DEBUG_INFO = NO;
				MTL_FAST_MATH = YES;
				SDKROOT = iphoneos;
				SWIFT_COMPILATION_MODE = wholemodule;
				VALIDATE_PRODUCT = YES;
			};
			name = Release;
		};
		7B6C32012BBBECF100F96260 /* Debug */ = {
			isa = XCBuildConfiguration;
			buildSettings = {
				ASSETCATALOG_COMPILER_APPICON_NAME = AppIcon;
				ASSETCATALOG_COMPILER_GLOBAL_ACCENT_COLOR_NAME = AccentColor;
				CODE_SIGN_STYLE = Automatic;
				CURRENT_PROJECT_VERSION = 1;
				GENERATE_INFOPLIST_FILE = YES;
				INFOPLIST_FILE = MyPlants/Info.plist;
				INFOPLIST_KEY_UIApplicationSupportsIndirectInputEvents = YES;
				INFOPLIST_KEY_UILaunchStoryboardName = LaunchScreen;
				INFOPLIST_KEY_UIMainStoryboardFile = Main;
				INFOPLIST_KEY_UISupportedInterfaceOrientations_iPad = "UIInterfaceOrientationPortrait UIInterfaceOrientationPortraitUpsideDown UIInterfaceOrientationLandscapeLeft UIInterfaceOrientationLandscapeRight";
				INFOPLIST_KEY_UISupportedInterfaceOrientations_iPhone = "UIInterfaceOrientationPortrait UIInterfaceOrientationLandscapeLeft UIInterfaceOrientationLandscapeRight";
				LD_RUNPATH_SEARCH_PATHS = (
					"$(inherited)",
					"@executable_path/Frameworks",
				);
				MARKETING_VERSION = 1.0;
				PRODUCT_BUNDLE_IDENTIFIER = com.Nazrin.MyPlants;
				PRODUCT_NAME = "$(TARGET_NAME)";
				SWIFT_EMIT_LOC_STRINGS = YES;
				SWIFT_VERSION = 5.0;
				TARGETED_DEVICE_FAMILY = "1,2";
			};
			name = Debug;
		};
		7B6C32022BBBECF100F96260 /* Release */ = {
			isa = XCBuildConfiguration;
			buildSettings = {
				ASSETCATALOG_COMPILER_APPICON_NAME = AppIcon;
				ASSETCATALOG_COMPILER_GLOBAL_ACCENT_COLOR_NAME = AccentColor;
				CODE_SIGN_STYLE = Automatic;
				CURRENT_PROJECT_VERSION = 1;
				GENERATE_INFOPLIST_FILE = YES;
				INFOPLIST_FILE = MyPlants/Info.plist;
				INFOPLIST_KEY_UIApplicationSupportsIndirectInputEvents = YES;
				INFOPLIST_KEY_UILaunchStoryboardName = LaunchScreen;
				INFOPLIST_KEY_UIMainStoryboardFile = Main;
				INFOPLIST_KEY_UISupportedInterfaceOrientations_iPad = "UIInterfaceOrientationPortrait UIInterfaceOrientationPortraitUpsideDown UIInterfaceOrientationLandscapeLeft UIInterfaceOrientationLandscapeRight";
				INFOPLIST_KEY_UISupportedInterfaceOrientations_iPhone = "UIInterfaceOrientationPortrait UIInterfaceOrientationLandscapeLeft UIInterfaceOrientationLandscapeRight";
				LD_RUNPATH_SEARCH_PATHS = (
					"$(inherited)",
					"@executable_path/Frameworks",
				);
				MARKETING_VERSION = 1.0;
				PRODUCT_BUNDLE_IDENTIFIER = com.Nazrin.MyPlants;
				PRODUCT_NAME = "$(TARGET_NAME)";
				SWIFT_EMIT_LOC_STRINGS = YES;
				SWIFT_VERSION = 5.0;
				TARGETED_DEVICE_FAMILY = "1,2";
			};
			name = Release;
		};
/* End XCBuildConfiguration section */

/* Begin XCConfigurationList section */
		7B6C31E72BBBECED00F96260 /* Build configuration list for PBXProject "MyPlants" */ = {
			isa = XCConfigurationList;
			buildConfigurations = (
				7B6C31FE2BBBECF100F96260 /* Debug */,
				7B6C31FF2BBBECF100F96260 /* Release */,
			);
			defaultConfigurationIsVisible = 0;
			defaultConfigurationName = Release;
		};
		7B6C32002BBBECF100F96260 /* Build configuration list for PBXNativeTarget "MyPlants" */ = {
			isa = XCConfigurationList;
			buildConfigurations = (
				7B6C32012BBBECF100F96260 /* Debug */,
				7B6C32022BBBECF100F96260 /* Release */,
			);
			defaultConfigurationIsVisible = 0;
			defaultConfigurationName = Release;
		};
/* End XCConfigurationList section */
	};
	rootObject = 7B6C31E42BBBECED00F96260 /* Project object */;
}
